
Microsoft Visual Studio Solution File, Format Version 12.00
# Visual Studio Version 17
VisualStudioVersion = 17.3.32929.385
MinimumVisualStudioVersion = 10.0.40219.1
Project("{FAE04EC0-301F-11D3-BF4B-00C04F79EFBC}") = "LexiconMVC", "LexiconMVC\LexiconMVC.csproj", "{7B9F47D6-DFFC-4F59-A88E-492980D3462F}"
EndProject
Global
	GlobalSection(SolutionConfigurationPlatforms) = preSolution
		Debug|Any CPU = Debug|Any CPU
		Release|Any CPU = Release|Any CPU
	EndGlobalSection
	GlobalSection(ProjectConfigurationPlatforms) = postSolution
		{7B9F47D6-DFFC-4F59-A88E-492980D3462F}.Debug|Any CPU.ActiveCfg = Debug|Any CPU
		{7B9F47D6-DFFC-4F59-A88E-492980D3462F}.Debug|Any CPU.Build.0 = Debug|Any CPU
		{7B9F47D6-DFFC-4F59-A88E-492980D3462F}.Release|Any CPU.ActiveCfg = Release|Any CPU
		{7B9F47D6-DFFC-4F59-A88E-492980D3462F}.Release|Any CPU.Build.0 = Release|Any CPU
	EndGlobalSection
	GlobalSection(SolutionProperties) = preSolution
		HideSolutionNode = FALSE
	EndGlobalSection
	GlobalSection(ExtensibilityGlobals) = postSolution
		SolutionGuid = {EBB72F8B-E4E0-4F20-9F1F-50C3EBCF4D74}
	EndGlobalSection
EndGlobal
